// !$*UTF8*$!
{
	archiveVersion = 1;
	classes = {
	};
	objectVersion = 56;
	objects = {

/* Begin PBXBuildFile section */
		77A95E292AD5902F0017688D /* TangoAppApp.swift in Sources */ = {isa = PBXBuildFile; fileRef = 77A95E282AD5902F0017688D /* TangoAppApp.swift */; };
		77A95E2B2AD5902F0017688D /* ContentView.swift in Sources */ = {isa = PBXBuildFile; fileRef = 77A95E2A2AD5902F0017688D /* ContentView.swift */; };
		77A95E2D2AD590330017688D /* Assets.xcassets in Resources */ = {isa = PBXBuildFile; fileRef = 77A95E2C2AD590330017688D /* Assets.xcassets */; };
		77A95E302AD590330017688D /* Preview Assets.xcassets in Resources */ = {isa = PBXBuildFile; fileRef = 77A95E2F2AD590330017688D /* Preview Assets.xcassets */; };
		77A95E3A2AD590330017688D /* TangoAppTests.swift in Sources */ = {isa = PBXBuildFile; fileRef = 77A95E392AD590330017688D /* TangoAppTests.swift */; };
		77A95E442AD590330017688D /* TangoAppUITests.swift in Sources */ = {isa = PBXBuildFile; fileRef = 77A95E432AD590330017688D /* TangoAppUITests.swift */; };
		77A95E462AD590330017688D /* TangoAppUITestsLaunchTests.swift in Sources */ = {isa = PBXBuildFile; fileRef = 77A95E452AD590330017688D /* TangoAppUITestsLaunchTests.swift */; };
		77A95E552AD8268A0017688D /* Menu.swift in Sources */ = {isa = PBXBuildFile; fileRef = 77A95E542AD8268A0017688D /* Menu.swift */; };
		77A95E582AD826C80017688D /* MenuView.swift in Sources */ = {isa = PBXBuildFile; fileRef = 77A95E572AD826C80017688D /* MenuView.swift */; };
		77A95E5A2AD82BF90017688D /* MakeTangoView.swift in Sources */ = {isa = PBXBuildFile; fileRef = 77A95E592AD82BF90017688D /* MakeTangoView.swift */; };
		77A95E5C2AF1365B0017688D /* FloatingActionButton.swift in Sources */ = {isa = PBXBuildFile; fileRef = 77A95E5B2AF1365B0017688D /* FloatingActionButton.swift */; };
		77A95E5E2AF1F0AB0017688D /* MakeTangoModel.swift in Sources */ = {isa = PBXBuildFile; fileRef = 77A95E5D2AF1F0AB0017688D /* MakeTangoModel.swift */; };
		77A95E602AF27D6E0017688D /* BottomButtonsView.swift in Sources */ = {isa = PBXBuildFile; fileRef = 77A95E5F2AF27D6D0017688D /* BottomButtonsView.swift */; };
		77A95E632AFD25E30017688D /* MakeTangoViewModel.swift in Sources */ = {isa = PBXBuildFile; fileRef = 77A95E622AFD25E30017688D /* MakeTangoViewModel.swift */; };
/* End PBXBuildFile section */

/* Begin PBXContainerItemProxy section */
		77A95E362AD590330017688D /* PBXContainerItemProxy */ = {
			isa = PBXContainerItemProxy;
			containerPortal = 77A95E1D2AD5902F0017688D /* Project object */;
			proxyType = 1;
			remoteGlobalIDString = 77A95E242AD5902F0017688D;
			remoteInfo = TangoApp;
		};
		77A95E402AD590330017688D /* PBXContainerItemProxy */ = {
			isa = PBXContainerItemProxy;
			containerPortal = 77A95E1D2AD5902F0017688D /* Project object */;
			proxyType = 1;
			remoteGlobalIDString = 77A95E242AD5902F0017688D;
			remoteInfo = TangoApp;
		};
/* End PBXContainerItemProxy section */

/* Begin PBXFileReference section */
		77A95E252AD5902F0017688D /* TangoApp.app */ = {isa = PBXFileReference; explicitFileType = wrapper.application; includeInIndex = 0; path = TangoApp.app; sourceTree = BUILT_PRODUCTS_DIR; };
		77A95E282AD5902F0017688D /* TangoAppApp.swift */ = {isa = PBXFileReference; lastKnownFileType = sourcecode.swift; path = TangoAppApp.swift; sourceTree = "<group>"; };
		77A95E2A2AD5902F0017688D /* ContentView.swift */ = {isa = PBXFileReference; lastKnownFileType = sourcecode.swift; path = ContentView.swift; sourceTree = "<group>"; };
		77A95E2C2AD590330017688D /* Assets.xcassets */ = {isa = PBXFileReference; lastKnownFileType = folder.assetcatalog; path = Assets.xcassets; sourceTree = "<group>"; };
		77A95E2F2AD590330017688D /* Preview Assets.xcassets */ = {isa = PBXFileReference; lastKnownFileType = folder.assetcatalog; path = "Preview Assets.xcassets"; sourceTree = "<group>"; };
		77A95E352AD590330017688D /* TangoAppTests.xctest */ = {isa = PBXFileReference; explicitFileType = wrapper.cfbundle; includeInIndex = 0; path = TangoAppTests.xctest; sourceTree = BUILT_PRODUCTS_DIR; };
		77A95E392AD590330017688D /* TangoAppTests.swift */ = {isa = PBXFileReference; lastKnownFileType = sourcecode.swift; path = TangoAppTests.swift; sourceTree = "<group>"; };
		77A95E3F2AD590330017688D /* TangoAppUITests.xctest */ = {isa = PBXFileReference; explicitFileType = wrapper.cfbundle; includeInIndex = 0; path = TangoAppUITests.xctest; sourceTree = BUILT_PRODUCTS_DIR; };
		77A95E432AD590330017688D /* TangoAppUITests.swift */ = {isa = PBXFileReference; lastKnownFileType = sourcecode.swift; path = TangoAppUITests.swift; sourceTree = "<group>"; };
		77A95E452AD590330017688D /* TangoAppUITestsLaunchTests.swift */ = {isa = PBXFileReference; lastKnownFileType = sourcecode.swift; path = TangoAppUITestsLaunchTests.swift; sourceTree = "<group>"; };
		77A95E542AD8268A0017688D /* Menu.swift */ = {isa = PBXFileReference; lastKnownFileType = sourcecode.swift; path = Menu.swift; sourceTree = "<group>"; };
		77A95E572AD826C80017688D /* MenuView.swift */ = {isa = PBXFileReference; lastKnownFileType = sourcecode.swift; path = MenuView.swift; sourceTree = "<group>"; };
		77A95E592AD82BF90017688D /* MakeTangoView.swift */ = {isa = PBXFileReference; lastKnownFileType = sourcecode.swift; path = MakeTangoView.swift; sourceTree = "<group>"; };
		77A95E5B2AF1365B0017688D /* FloatingActionButton.swift */ = {isa = PBXFileReference; lastKnownFileType = sourcecode.swift; path = FloatingActionButton.swift; sourceTree = "<group>"; };
		77A95E5D2AF1F0AB0017688D /* MakeTangoModel.swift */ = {isa = PBXFileReference; lastKnownFileType = sourcecode.swift; path = MakeTangoModel.swift; sourceTree = "<group>"; };
		77A95E5F2AF27D6D0017688D /* BottomButtonsView.swift */ = {isa = PBXFileReference; lastKnownFileType = sourcecode.swift; path = BottomButtonsView.swift; sourceTree = "<group>"; };
		77A95E622AFD25E30017688D /* MakeTangoViewModel.swift */ = {isa = PBXFileReference; lastKnownFileType = sourcecode.swift; path = MakeTangoViewModel.swift; sourceTree = "<group>"; };
/* End PBXFileReference section */

/* Begin PBXFrameworksBuildPhase section */
		77A95E222AD5902F0017688D /* Frameworks */ = {
			isa = PBXFrameworksBuildPhase;
			buildActionMask = 2147483647;
			files = (
			);
			runOnlyForDeploymentPostprocessing = 0;
		};
		77A95E322AD590330017688D /* Frameworks */ = {
			isa = PBXFrameworksBuildPhase;
			buildActionMask = 2147483647;
			files = (
			);
			runOnlyForDeploymentPostprocessing = 0;
		};
		77A95E3C2AD590330017688D /* Frameworks */ = {
			isa = PBXFrameworksBuildPhase;
			buildActionMask = 2147483647;
			files = (
			);
			runOnlyForDeploymentPostprocessing = 0;
		};
/* End PBXFrameworksBuildPhase section */

/* Begin PBXGroup section */
		77A95E1C2AD5902F0017688D = {
			isa = PBXGroup;
			children = (
				77A95E612AFD25CB0017688D /* ViewModel */,
				77A95E562AD826BD0017688D /* View */,
				77A95E532AD8267B0017688D /* Model */,
				77A95E272AD5902F0017688D /* TangoApp */,
				77A95E382AD590330017688D /* TangoAppTests */,
				77A95E422AD590330017688D /* TangoAppUITests */,
				77A95E262AD5902F0017688D /* Products */,
			);
			sourceTree = "<group>";
		};
		77A95E262AD5902F0017688D /* Products */ = {
			isa = PBXGroup;
			children = (
				77A95E252AD5902F0017688D /* TangoApp.app */,
				77A95E352AD590330017688D /* TangoAppTests.xctest */,
				77A95E3F2AD590330017688D /* TangoAppUITests.xctest */,
			);
			name = Products;
			sourceTree = "<group>";
		};
		77A95E272AD5902F0017688D /* TangoApp */ = {
			isa = PBXGroup;
			children = (
				77A95E282AD5902F0017688D /* TangoAppApp.swift */,
				77A95E2A2AD5902F0017688D /* ContentView.swift */,
				77A95E2C2AD590330017688D /* Assets.xcassets */,
				77A95E2E2AD590330017688D /* Preview Content */,
			);
			path = TangoApp;
			sourceTree = "<group>";
		};
		77A95E2E2AD590330017688D /* Preview Content */ = {
			isa = PBXGroup;
			children = (
				77A95E2F2AD590330017688D /* Preview Assets.xcassets */,
			);
			path = "Preview Content";
			sourceTree = "<group>";
		};
		77A95E382AD590330017688D /* TangoAppTests */ = {
			isa = PBXGroup;
			children = (
				77A95E392AD590330017688D /* TangoAppTests.swift */,
			);
			path = TangoAppTests;
			sourceTree = "<group>";
		};
		77A95E422AD590330017688D /* TangoAppUITests */ = {
			isa = PBXGroup;
			children = (
				77A95E432AD590330017688D /* TangoAppUITests.swift */,
				77A95E452AD590330017688D /* TangoAppUITestsLaunchTests.swift */,
			);
			path = TangoAppUITests;
			sourceTree = "<group>";
		};
		77A95E532AD8267B0017688D /* Model */ = {
			isa = PBXGroup;
			children = (
				77A95E542AD8268A0017688D /* Menu.swift */,
				77A95E5D2AF1F0AB0017688D /* MakeTangoModel.swift */,
			);
			path = Model;
			sourceTree = "<group>";
		};
		77A95E562AD826BD0017688D /* View */ = {
			isa = PBXGroup;
			children = (
				77A95E572AD826C80017688D /* MenuView.swift */,
				77A95E592AD82BF90017688D /* MakeTangoView.swift */,
				77A95E5B2AF1365B0017688D /* FloatingActionButton.swift */,
				77A95E5F2AF27D6D0017688D /* BottomButtonsView.swift */,
			);
			path = View;
			sourceTree = "<group>";
		};
		77A95E612AFD25CB0017688D /* ViewModel */ = {
			isa = PBXGroup;
			children = (
				77A95E622AFD25E30017688D /* MakeTangoViewModel.swift */,
			);
			path = ViewModel;
			sourceTree = "<group>";
		};
/* End PBXGroup section */

/* Begin PBXNativeTarget section */
		77A95E242AD5902F0017688D /* TangoApp */ = {
			isa = PBXNativeTarget;
			buildConfigurationList = 77A95E492AD590330017688D /* Build configuration list for PBXNativeTarget "TangoApp" */;
			buildPhases = (
				77A95E212AD5902F0017688D /* Sources */,
				77A95E222AD5902F0017688D /* Frameworks */,
				77A95E232AD5902F0017688D /* Resources */,
			);
			buildRules = (
			);
			dependencies = (
			);
			name = TangoApp;
			productName = TangoApp;
			productReference = 77A95E252AD5902F0017688D /* TangoApp.app */;
			productType = "com.apple.product-type.application";
		};
		77A95E342AD590330017688D /* TangoAppTests */ = {
			isa = PBXNativeTarget;
			buildConfigurationList = 77A95E4C2AD590330017688D /* Build configuration list for PBXNativeTarget "TangoAppTests" */;
			buildPhases = (
				77A95E312AD590330017688D /* Sources */,
				77A95E322AD590330017688D /* Frameworks */,
				77A95E332AD590330017688D /* Resources */,
			);
			buildRules = (
			);
			dependencies = (
				77A95E372AD590330017688D /* PBXTargetDependency */,
			);
			name = TangoAppTests;
			productName = TangoAppTests;
			productReference = 77A95E352AD590330017688D /* TangoAppTests.xctest */;
			productType = "com.apple.product-type.bundle.unit-test";
		};
		77A95E3E2AD590330017688D /* TangoAppUITests */ = {
			isa = PBXNativeTarget;
			buildConfigurationList = 77A95E4F2AD590330017688D /* Build configuration list for PBXNativeTarget "TangoAppUITests" */;
			buildPhases = (
				77A95E3B2AD590330017688D /* Sources */,
				77A95E3C2AD590330017688D /* Frameworks */,
				77A95E3D2AD590330017688D /* Resources */,
			);
			buildRules = (
			);
			dependencies = (
				77A95E412AD590330017688D /* PBXTargetDependency */,
			);
			name = TangoAppUITests;
			productName = TangoAppUITests;
			productReference = 77A95E3F2AD590330017688D /* TangoAppUITests.xctest */;
			productType = "com.apple.product-type.bundle.ui-testing";
		};
/* End PBXNativeTarget section */

/* Begin PBXProject section */
		77A95E1D2AD5902F0017688D /* Project object */ = {
			isa = PBXProject;
			attributes = {
				BuildIndependentTargetsInParallel = 1;
				LastSwiftUpdateCheck = 1410;
				LastUpgradeCheck = 1410;
				TargetAttributes = {
					77A95E242AD5902F0017688D = {
						CreatedOnToolsVersion = 14.1;
					};
					77A95E342AD590330017688D = {
						CreatedOnToolsVersion = 14.1;
						TestTargetID = 77A95E242AD5902F0017688D;
					};
					77A95E3E2AD590330017688D = {
						CreatedOnToolsVersion = 14.1;
						TestTargetID = 77A95E242AD5902F0017688D;
					};
				};
			};
			buildConfigurationList = 77A95E202AD5902F0017688D /* Build configuration list for PBXProject "TangoApp" */;
			compatibilityVersion = "Xcode 14.0";
			developmentRegion = en;
			hasScannedForEncodings = 0;
			knownRegions = (
				en,
				Base,
			);
			mainGroup = 77A95E1C2AD5902F0017688D;
			productRefGroup = 77A95E262AD5902F0017688D /* Products */;
			projectDirPath = "";
			projectRoot = "";
			targets = (
				77A95E242AD5902F0017688D /* TangoApp */,
				77A95E342AD590330017688D /* TangoAppTests */,
				77A95E3E2AD590330017688D /* TangoAppUITests */,
			);
		};
/* End PBXProject section */

/* Begin PBXResourcesBuildPhase section */
		77A95E232AD5902F0017688D /* Resources */ = {
			isa = PBXResourcesBuildPhase;
			buildActionMask = 2147483647;
			files = (
				77A95E302AD590330017688D /* Preview Assets.xcassets in Resources */,
				77A95E2D2AD590330017688D /* Assets.xcassets in Resources */,
			);
			runOnlyForDeploymentPostprocessing = 0;
		};
		77A95E332AD590330017688D /* Resources */ = {
			isa = PBXResourcesBuildPhase;
			buildActionMask = 2147483647;
			files = (
			);
			runOnlyForDeploymentPostprocessing = 0;
		};
		77A95E3D2AD590330017688D /* Resources */ = {
			isa = PBXResourcesBuildPhase;
			buildActionMask = 2147483647;
			files = (
			);
			runOnlyForDeploymentPostprocessing = 0;
		};
/* End PBXResourcesBuildPhase section */

/* Begin PBXSourcesBuildPhase section */
		77A95E212AD5902F0017688D /* Sources */ = {
			isa = PBXSourcesBuildPhase;
			buildActionMask = 2147483647;
			files = (
				77A95E552AD8268A0017688D /* Menu.swift in Sources */,
				77A95E602AF27D6E0017688D /* BottomButtonsView.swift in Sources */,
				77A95E5E2AF1F0AB0017688D /* MakeTangoModel.swift in Sources */,
				77A95E582AD826C80017688D /* MenuView.swift in Sources */,
				77A95E632AFD25E30017688D /* MakeTangoViewModel.swift in Sources */,
				77A95E2B2AD5902F0017688D /* ContentView.swift in Sources */,
				77A95E292AD5902F0017688D /* TangoAppApp.swift in Sources */,
				77A95E5A2AD82BF90017688D /* MakeTangoView.swift in Sources */,
				77A95E5C2AF1365B0017688D /* FloatingActionButton.swift in Sources */,
			);
			runOnlyForDeploymentPostprocessing = 0;
		};
		77A95E312AD590330017688D /* Sources */ = {
			isa = PBXSourcesBuildPhase;
			buildActionMask = 2147483647;
			files = (
				77A95E3A2AD590330017688D /* TangoAppTests.swift in Sources */,
			);
			runOnlyForDeploymentPostprocessing = 0;
		};
		77A95E3B2AD590330017688D /* Sources */ = {
			isa = PBXSourcesBuildPhase;
			buildActionMask = 2147483647;
			files = (
				77A95E462AD590330017688D /* TangoAppUITestsLaunchTests.swift in Sources */,
				77A95E442AD590330017688D /* TangoAppUITests.swift in Sources */,
			);
			runOnlyForDeploymentPostprocessing = 0;
		};
/* End PBXSourcesBuildPhase section */

/* Begin PBXTargetDependency section */
		77A95E372AD590330017688D /* PBXTargetDependency */ = {
			isa = PBXTargetDependency;
			target = 77A95E242AD5902F0017688D /* TangoApp */;
			targetProxy = 77A95E362AD590330017688D /* PBXContainerItemProxy */;
		};
		77A95E412AD590330017688D /* PBXTargetDependency */ = {
			isa = PBXTargetDependency;
			target = 77A95E242AD5902F0017688D /* TangoApp */;
			targetProxy = 77A95E402AD590330017688D /* PBXContainerItemProxy */;
		};
/* End PBXTargetDependency section */

/* Begin XCBuildConfiguration section */
		77A95E472AD590330017688D /* Debug */ = {
			isa = XCBuildConfiguration;
			buildSettings = {
				ALWAYS_SEARCH_USER_PATHS = NO;
				CLANG_ANALYZER_NONNULL = YES;
				CLANG_ANALYZER_NUMBER_OBJECT_CONVERSION = YES_AGGRESSIVE;
				CLANG_CXX_LANGUAGE_STANDARD = "gnu++20";
				CLANG_ENABLE_MODULES = YES;
				CLANG_ENABLE_OBJC_ARC = YES;
				CLANG_ENABLE_OBJC_WEAK = YES;
				CLANG_WARN_BLOCK_CAPTURE_AUTORELEASING = YES;
				CLANG_WARN_BOOL_CONVERSION = YES;
				CLANG_WARN_COMMA = YES;
				CLANG_WARN_CONSTANT_CONVERSION = YES;
				CLANG_WARN_DEPRECATED_OBJC_IMPLEMENTATIONS = YES;
				CLANG_WARN_DIRECT_OBJC_ISA_USAGE = YES_ERROR;
				CLANG_WARN_DOCUMENTATION_COMMENTS = YES;
				CLANG_WARN_EMPTY_BODY = YES;
				CLANG_WARN_ENUM_CONVERSION = YES;
				CLANG_WARN_INFINITE_RECURSION = YES;
				CLANG_WARN_INT_CONVERSION = YES;
				CLANG_WARN_NON_LITERAL_NULL_CONVERSION = YES;
				CLANG_WARN_OBJC_IMPLICIT_RETAIN_SELF = YES;
				CLANG_WARN_OBJC_LITERAL_CONVERSION = YES;
				CLANG_WARN_OBJC_ROOT_CLASS = YES_ERROR;
				CLANG_WARN_QUOTED_INCLUDE_IN_FRAMEWORK_HEADER = YES;
				CLANG_WARN_RANGE_LOOP_ANALYSIS = YES;
				CLANG_WARN_STRICT_PROTOTYPES = YES;
				CLANG_WARN_SUSPICIOUS_MOVE = YES;
				CLANG_WARN_UNGUARDED_AVAILABILITY = YES_AGGRESSIVE;
				CLANG_WARN_UNREACHABLE_CODE = YES;
				CLANG_WARN__DUPLICATE_METHOD_MATCH = YES;
				COPY_PHASE_STRIP = NO;
				DEBUG_INFORMATION_FORMAT = dwarf;
				ENABLE_STRICT_OBJC_MSGSEND = YES;
				ENABLE_TESTABILITY = YES;
				GCC_C_LANGUAGE_STANDARD = gnu11;
				GCC_DYNAMIC_NO_PIC = NO;
				GCC_NO_COMMON_BLOCKS = YES;
				GCC_OPTIMIZATION_LEVEL = 0;
				GCC_PREPROCESSOR_DEFINITIONS = (
					"DEBUG=1",
					"$(inherited)",
				);
				GCC_WARN_64_TO_32_BIT_CONVERSION = YES;
				GCC_WARN_ABOUT_RETURN_TYPE = YES_ERROR;
				GCC_WARN_UNDECLARED_SELECTOR = YES;
				GCC_WARN_UNINITIALIZED_AUTOS = YES_AGGRESSIVE;
				GCC_WARN_UNUSED_FUNCTION = YES;
				GCC_WARN_UNUSED_VARIABLE = YES;
				IPHONEOS_DEPLOYMENT_TARGET = 16.1;
				MTL_ENABLE_DEBUG_INFO = INCLUDE_SOURCE;
				MTL_FAST_MATH = YES;
				ONLY_ACTIVE_ARCH = YES;
				SDKROOT = iphoneos;
				SWIFT_ACTIVE_COMPILATION_CONDITIONS = DEBUG;
				SWIFT_OPTIMIZATION_LEVEL = "-Onone";
			};
			name = Debug;
		};
		77A95E482AD590330017688D /* Release */ = {
			isa = XCBuildConfiguration;
			buildSettings = {
				ALWAYS_SEARCH_USER_PATHS = NO;
				CLANG_ANALYZER_NONNULL = YES;
				CLANG_ANALYZER_NUMBER_OBJECT_CONVERSION = YES_AGGRESSIVE;
				CLANG_CXX_LANGUAGE_STANDARD = "gnu++20";
				CLANG_ENABLE_MODULES = YES;
				CLANG_ENABLE_OBJC_ARC = YES;
				CLANG_ENABLE_OBJC_WEAK = YES;
				CLANG_WARN_BLOCK_CAPTURE_AUTORELEASING = YES;
				CLANG_WARN_BOOL_CONVERSION = YES;
				CLANG_WARN_COMMA = YES;
				CLANG_WARN_CONSTANT_CONVERSION = YES;
				CLANG_WARN_DEPRECATED_OBJC_IMPLEMENTATIONS = YES;
				CLANG_WARN_DIRECT_OBJC_ISA_USAGE = YES_ERROR;
				CLANG_WARN_DOCUMENTATION_COMMENTS = YES;
				CLANG_WARN_EMPTY_BODY = YES;
				CLANG_WARN_ENUM_CONVERSION = YES;
				CLANG_WARN_INFINITE_RECURSION = YES;
				CLANG_WARN_INT_CONVERSION = YES;
				CLANG_WARN_NON_LITERAL_NULL_CONVERSION = YES;
				CLANG_WARN_OBJC_IMPLICIT_RETAIN_SELF = YES;
				CLANG_WARN_OBJC_LITERAL_CONVERSION = YES;
				CLANG_WARN_OBJC_ROOT_CLASS = YES_ERROR;
				CLANG_WARN_QUOTED_INCLUDE_IN_FRAMEWORK_HEADER = YES;
				CLANG_WARN_RANGE_LOOP_ANALYSIS = YES;
				CLANG_WARN_STRICT_PROTOTYPES = YES;
				CLANG_WARN_SUSPICIOUS_MOVE = YES;
				CLANG_WARN_UNGUARDED_AVAILABILITY = YES_AGGRESSIVE;
				CLANG_WARN_UNREACHABLE_CODE = YES;
				CLANG_WARN__DUPLICATE_METHOD_MATCH = YES;
				COPY_PHASE_STRIP = NO;
				DEBUG_INFORMATION_FORMAT = "dwarf-with-dsym";
				ENABLE_NS_ASSERTIONS = NO;
				ENABLE_STRICT_OBJC_MSGSEND = YES;
				GCC_C_LANGUAGE_STANDARD = gnu11;
				GCC_NO_COMMON_BLOCKS = YES;
				GCC_WARN_64_TO_32_BIT_CONVERSION = YES;
				GCC_WARN_ABOUT_RETURN_TYPE = YES_ERROR;
				GCC_WARN_UNDECLARED_SELECTOR = YES;
				GCC_WARN_UNINITIALIZED_AUTOS = YES_AGGRESSIVE;
				GCC_WARN_UNUSED_FUNCTION = YES;
				GCC_WARN_UNUSED_VARIABLE = YES;
				IPHONEOS_DEPLOYMENT_TARGET = 16.1;
				MTL_ENABLE_DEBUG_INFO = NO;
				MTL_FAST_MATH = YES;
				SDKROOT = iphoneos;
				SWIFT_COMPILATION_MODE = wholemodule;
				SWIFT_OPTIMIZATION_LEVEL = "-O";
				VALIDATE_PRODUCT = YES;
			};
			name = Release;
		};
		77A95E4A2AD590330017688D /* Debug */ = {
			isa = XCBuildConfiguration;
			buildSettings = {
				ASSETCATALOG_COMPILER_APPICON_NAME = AppIcon;
				ASSETCATALOG_COMPILER_GLOBAL_ACCENT_COLOR_NAME = AccentColor;
				CODE_SIGN_STYLE = Automatic;
				CURRENT_PROJECT_VERSION = 1;
				DEVELOPMENT_ASSET_PATHS = "\"TangoApp/Preview Content\"";
				ENABLE_PREVIEWS = YES;
				GENERATE_INFOPLIST_FILE = YES;
				INFOPLIST_KEY_UIApplicationSceneManifest_Generation = YES;
				INFOPLIST_KEY_UIApplicationSupportsIndirectInputEvents = YES;
				INFOPLIST_KEY_UILaunchScreen_Generation = YES;
				INFOPLIST_KEY_UISupportedInterfaceOrientations_iPad = "UIInterfaceOrientationPortrait UIInterfaceOrientationPortraitUpsideDown UIInterfaceOrientationLandscapeLeft UIInterfaceOrientationLandscapeRight";
				INFOPLIST_KEY_UISupportedInterfaceOrientations_iPhone = "UIInterfaceOrientationPortrait UIInterfaceOrientationLandscapeLeft UIInterfaceOrientationLandscapeRight";
				LD_RUNPATH_SEARCH_PATHS = (
					"$(inherited)",
					"@executable_path/Frameworks",
				);
				MARKETING_VERSION = 1.0;
				PRODUCT_BUNDLE_IDENTIFIER = com.goda.TangoApp;
				PRODUCT_NAME = "$(TARGET_NAME)";
				SWIFT_EMIT_LOC_STRINGS = YES;
				SWIFT_VERSION = 5.0;
				TARGETED_DEVICE_FAMILY = "1,2";
			};
			name = Debug;
		};
		77A95E4B2AD590330017688D /* Release */ = {
			isa = XCBuildConfiguration;
			buildSettings = {
				ASSETCATALOG_COMPILER_APPICON_NAME = AppIcon;
				ASSETCATALOG_COMPILER_GLOBAL_ACCENT_COLOR_NAME = AccentColor;
				CODE_SIGN_STYLE = Automatic;
				CURRENT_PROJECT_VERSION = 1;
				DEVELOPMENT_ASSET_PATHS = "\"TangoApp/Preview Content\"";
				ENABLE_PREVIEWS = YES;
				GENERATE_INFOPLIST_FILE = YES;
				INFOPLIST_KEY_UIApplicationSceneManifest_Generation = YES;
				INFOPLIST_KEY_UIApplicationSupportsIndirectInputEvents = YES;
				INFOPLIST_KEY_UILaunchScreen_Generation = YES;
				INFOPLIST_KEY_UISupportedInterfaceOrientations_iPad = "UIInterfaceOrientationPortrait UIInterfaceOrientationPortraitUpsideDown UIInterfaceOrientationLandscapeLeft UIInterfaceOrientationLandscapeRight";
				INFOPLIST_KEY_UISupportedInterfaceOrientations_iPhone = "UIInterfaceOrientationPortrait UIInterfaceOrientationLandscapeLeft UIInterfaceOrientationLandscapeRight";
				LD_RUNPATH_SEARCH_PATHS = (
					"$(inherited)",
					"@executable_path/Frameworks",
				);
				MARKETING_VERSION = 1.0;
				PRODUCT_BUNDLE_IDENTIFIER = com.goda.TangoApp;
				PRODUCT_NAME = "$(TARGET_NAME)";
				SWIFT_EMIT_LOC_STRINGS = YES;
				SWIFT_VERSION = 5.0;
				TARGETED_DEVICE_FAMILY = "1,2";
			};
			name = Release;
		};
		77A95E4D2AD590330017688D /* Debug */ = {
			isa = XCBuildConfiguration;
			buildSettings = {
				ALWAYS_EMBED_SWIFT_STANDARD_LIBRARIES = YES;
				BUNDLE_LOADER = "$(TEST_HOST)";
				CODE_SIGN_STYLE = Automatic;
				CURRENT_PROJECT_VERSION = 1;
				GENERATE_INFOPLIST_FILE = YES;
				IPHONEOS_DEPLOYMENT_TARGET = 16.1;
				MARKETING_VERSION = 1.0;
				PRODUCT_BUNDLE_IDENTIFIER = com.goda.TangoAppTests;
				PRODUCT_NAME = "$(TARGET_NAME)";
				SWIFT_EMIT_LOC_STRINGS = NO;
				SWIFT_VERSION = 5.0;
				TARGETED_DEVICE_FAMILY = "1,2";
				TEST_HOST = "$(BUILT_PRODUCTS_DIR)/TangoApp.app/$(BUNDLE_EXECUTABLE_FOLDER_PATH)/TangoApp";
			};
			name = Debug;
		};
		77A95E4E2AD590330017688D /* Release */ = {
			isa = XCBuildConfiguration;
			buildSettings = {
				ALWAYS_EMBED_SWIFT_STANDARD_LIBRARIES = YES;
				BUNDLE_LOADER = "$(TEST_HOST)";
				CODE_SIGN_STYLE = Automatic;
				CURRENT_PROJECT_VERSION = 1;
				GENERATE_INFOPLIST_FILE = YES;
				IPHONEOS_DEPLOYMENT_TARGET = 16.1;
				MARKETING_VERSION = 1.0;
				PRODUCT_BUNDLE_IDENTIFIER = com.goda.TangoAppTests;
				PRODUCT_NAME = "$(TARGET_NAME)";
				SWIFT_EMIT_LOC_STRINGS = NO;
				SWIFT_VERSION = 5.0;
				TARGETED_DEVICE_FAMILY = "1,2";
				TEST_HOST = "$(BUILT_PRODUCTS_DIR)/TangoApp.app/$(BUNDLE_EXECUTABLE_FOLDER_PATH)/TangoApp";
			};
			name = Release;
		};
		77A95E502AD590330017688D /* Debug */ = {
			isa = XCBuildConfiguration;
			buildSettings = {
				ALWAYS_EMBED_SWIFT_STANDARD_LIBRARIES = YES;
				CODE_SIGN_STYLE = Automatic;
				CURRENT_PROJECT_VERSION = 1;
				GENERATE_INFOPLIST_FILE = YES;
				MARKETING_VERSION = 1.0;
				PRODUCT_BUNDLE_IDENTIFIER = com.goda.TangoAppUITests;
				PRODUCT_NAME = "$(TARGET_NAME)";
				SWIFT_EMIT_LOC_STRINGS = NO;
				SWIFT_VERSION = 5.0;
				TARGETED_DEVICE_FAMILY = "1,2";
				TEST_TARGET_NAME = TangoApp;
			};
			name = Debug;
		};
		77A95E512AD590330017688D /* Release */ = {
			isa = XCBuildConfiguration;
			buildSettings = {
				ALWAYS_EMBED_SWIFT_STANDARD_LIBRARIES = YES;
				CODE_SIGN_STYLE = Automatic;
				CURRENT_PROJECT_VERSION = 1;
				GENERATE_INFOPLIST_FILE = YES;
				MARKETING_VERSION = 1.0;
				PRODUCT_BUNDLE_IDENTIFIER = com.goda.TangoAppUITests;
				PRODUCT_NAME = "$(TARGET_NAME)";
				SWIFT_EMIT_LOC_STRINGS = NO;
				SWIFT_VERSION = 5.0;
				TARGETED_DEVICE_FAMILY = "1,2";
				TEST_TARGET_NAME = TangoApp;
			};
			name = Release;
		};
/* End XCBuildConfiguration section */

/* Begin XCConfigurationList section */
		77A95E202AD5902F0017688D /* Build configuration list for PBXProject "TangoApp" */ = {
			isa = XCConfigurationList;
			buildConfigurations = (
				77A95E472AD590330017688D /* Debug */,
				77A95E482AD590330017688D /* Release */,
			);
			defaultConfigurationIsVisible = 0;
			defaultConfigurationName = Release;
		};
		77A95E492AD590330017688D /* Build configuration list for PBXNativeTarget "TangoApp" */ = {
			isa = XCConfigurationList;
			buildConfigurations = (
				77A95E4A2AD590330017688D /* Debug */,
				77A95E4B2AD590330017688D /* Release */,
			);
			defaultConfigurationIsVisible = 0;
			defaultConfigurationName = Release;
		};
		77A95E4C2AD590330017688D /* Build configuration list for PBXNativeTarget "TangoAppTests" */ = {
			isa = XCConfigurationList;
			buildConfigurations = (
				77A95E4D2AD590330017688D /* Debug */,
				77A95E4E2AD590330017688D /* Release */,
			);
			defaultConfigurationIsVisible = 0;
			defaultConfigurationName = Release;
		};
		77A95E4F2AD590330017688D /* Build configuration list for PBXNativeTarget "TangoAppUITests" */ = {
			isa = XCConfigurationList;
			buildConfigurations = (
				77A95E502AD590330017688D /* Debug */,
				77A95E512AD590330017688D /* Release */,
			);
			defaultConfigurationIsVisible = 0;
			defaultConfigurationName = Release;
		};
/* End XCConfigurationList section */
	};
	rootObject = 77A95E1D2AD5902F0017688D /* Project object */;
}
